
Microsoft Visual Studio Solution File, Format Version 12.00
# Visual Studio 15
VisualStudioVersion = 15.0.28307.136
MinimumVisualStudioVersion = 10.0.40219.1
Project("{FAE04EC0-301F-11D3-BF4B-00C04F79EFBC}") = "KnockoutApp", "KnockoutApp\KnockoutApp.csproj", "{24FBEA44-96D5-4CB5-B0F0-16A49F5CB79A}"
EndProject
Global
	GlobalSection(SolutionConfigurationPlatforms) = preSolution
		Debug|Any CPU = Debug|Any CPU
		Release|Any CPU = Release|Any CPU
	EndGlobalSection
	GlobalSection(ProjectConfigurationPlatforms) = postSolution
		{24FBEA44-96D5-4CB5-B0F0-16A49F5CB79A}.Debug|Any CPU.ActiveCfg = Debug|Any CPU
		{24FBEA44-96D5-4CB5-B0F0-16A49F5CB79A}.Debug|Any CPU.Build.0 = Debug|Any CPU
		{24FBEA44-96D5-4CB5-B0F0-16A49F5CB79A}.Release|Any CPU.ActiveCfg = Release|Any CPU
		{24FBEA44-96D5-4CB5-B0F0-16A49F5CB79A}.Release|Any CPU.Build.0 = Release|Any CPU
	EndGlobalSection
	GlobalSection(SolutionProperties) = preSolution
		HideSolutionNode = FALSE
	EndGlobalSection
	GlobalSection(ExtensibilityGlobals) = postSolution
		SolutionGuid = {A5A8B115-D505-4AE6-A798-88F94045823C}
	EndGlobalSection
EndGlobal
